# This file was autogenerated by Stack.
# You should not edit this file by hand.
# For more information, please see the documentation at:
#   https://docs.haskellstack.org/en/stable/lock_files

packages:
- completed:
    subdir: kubernetes
    cabal-file:
      size: 5850
      sha256: ead7f32310c7362585f57bcad0500f6000df33d3d00b859ffcb581097f2b10c8
    name: kubernetes-client-core
    version: 0.1.0.1
    git: git@github.com:akshaymankar/kubernetes-client-haskell
    pantry-tree:
      size: 7455
      sha256: eb0b3d2809e1f0561813b3b16263b24de5510af509a56d0ae6c922c42f37022e
    commit: 10ea92625bce2baab560cce523b6a3b2c17121d5
  original:
    subdir: kubernetes
    git: git@github.com:akshaymankar/kubernetes-client-haskell
    commit: 10ea92625bce2baab560cce523b6a3b2c17121d5
- completed:
    subdir: kubernetes-client
    cabal-file:
      size: 4595
      sha256: 568ce861a77cd6035be90d0fba994111c987df5a13fa1af575cdd4d41b248bf2
    name: kubernetes-client
    version: 0.1.0.1
    git: git@github.com:akshaymankar/kubernetes-client-haskell
    pantry-tree:
      size: 1608
      sha256: 912a603366e5b5f78ed9a7c5ec6b5591a9e5bd9f916b65327aaba1811d4c1f5e
    commit: 10ea92625bce2baab560cce523b6a3b2c17121d5
  original:
    subdir: kubernetes-client
    git: git@github.com:akshaymankar/kubernetes-client-haskell
    commit: 10ea92625bce2baab560cce523b6a3b2c17121d5
- completed:
    hackage: katip-0.8.0.0@sha256:8a74858b692edfdbe83ac377b116111f81b4dcda774024615967d764f9f474b8,4097
    pantry-tree:
      size: 1140
      sha256: f6baad9ee2edc7ed02d71bd8433872403500ebbdfaead9e4ef226dc47b3c4b97
  original:
    hackage: katip-0.8.0.0
- completed:
    hackage: jwt-0.10.0@sha256:d14551b0c357424fb9441ec9a7a9d5b90b13f805fcc9327ba49db548cd64fc29,4180
    pantry-tree:
      size: 1027
      sha256: e0cf95e834d99768ad8a3f7e99246948f0cdd2cfa18813517f540144aea6c3e5
  original:
    hackage: jwt-0.10.0
- completed:
    hackage: oidc-client-0.4.0.0@sha256:f72a496ab27d9a5071be44e750718c539118ac52c2f1535a5fb3dde7f9874a55,3306
    pantry-tree:
      size: 1153
      sha256: 68c285c6365360975d50bbb18cb07755d5ef19af8bf0e998d3ea46d35ef4a4e1
  original:
    hackage: oidc-client-0.4.0.0
- completed:
    hackage: nats-client-0.1.0.0@sha256:769ccc75ec3df713e31b1c480342e58a35a147f575dca54738b61ad986fd62aa,3159
    pantry-tree:
      size: 813
      sha256: 2011ece8f739f4e9d62469f70bb26a64584fdf2f25c559794f83b2fb07223335
  original:
    hackage: nats-client-0.1.0.0
- completed:
    hackage: jsonpath-0.1.0.1@sha256:55718ac52b25cd8ce80fbdc9079a112344f032b056cfaf30737a29b6bd1a5c12,2377
    pantry-tree:
      size: 1097
      sha256: 027749c943abaa6a78adc58e5abd4b3f42644c17c5fb7edf816557424a79448b
  original:
    hackage: jsonpath-0.1.0.1
- completed:
    hackage: json-stream-0.4.2.4@sha256:8b7f17d54a6e1e6311756270f8bcf51e91bab4300945400de66118470dcf51b9,4716
    pantry-tree:
      size: 2055
      sha256: 3ad81d47097db52223576d79ff441f04682358cd3057de4acb604409772641ca
  original:
    hackage: json-stream-0.4.2.4
snapshots:
- completed:
    size: 498402
    url: https://raw.githubusercontent.com/commercialhaskell/stackage-snapshots/master/lts/13/24.yaml
    sha256: 33e96adfe24f112b62f6edd22565cdbaa13155703bbfbfdc3d0a9bc6138ae7bf
  original: lts-13.24
