# This file was autogenerated by Stack.
# You should not edit this file by hand.
# For more information, please see the documentation at:
#   https://docs.haskellstack.org/en/stable/lock_files

packages:
- completed:
    subdir: kubernetes
    cabal-file:
      size: 5791
      sha256: b5911b46e3a04f7430f2d3f88df445366e1e4aadfe7676a0d10ad587751a4373
    name: kubernetes-client-core
    version: 0.1.0.0
    git: git@github.com:kubernetes-client/haskell
    pantry-tree:
      size: 7455
      sha256: 532061605e587b9a37e68db589001acdfbc32e3a75b0e16084c9922d002d2987
    commit: 6b115bc18de5b7b6c0a1aab27d01987183ae8c7e
  original:
    subdir: kubernetes
    git: git@github.com:kubernetes-client/haskell
    commit: 6b115bc18de5b7b6c0a1aab27d01987183ae8c7e
- completed:
    subdir: kubernetes-client
    cabal-file:
      size: 2890
      sha256: 4b4d62e599d06057bde2ad68f8723c6a2932cfd058cb596a604377414821b570
    name: kubernetes-client
    version: 0.1.0.0
    git: git@github.com:kubernetes-client/haskell
    pantry-tree:
      size: 664
      sha256: 499fa67dafdbbd645d9765cd23de3f1d1c65a6aa368a8b9d3ba536ae99afb8eb
    commit: 6b115bc18de5b7b6c0a1aab27d01987183ae8c7e
  original:
    subdir: kubernetes-client
    git: git@github.com:kubernetes-client/haskell
    commit: 6b115bc18de5b7b6c0a1aab27d01987183ae8c7e
- completed:
    hackage: katip-0.8.0.0@sha256:8a74858b692edfdbe83ac377b116111f81b4dcda774024615967d764f9f474b8,4097
    pantry-tree:
      size: 1140
      sha256: f6baad9ee2edc7ed02d71bd8433872403500ebbdfaead9e4ef226dc47b3c4b97
  original:
    hackage: katip-0.8.0.0
snapshots:
- completed:
    size: 498402
    url: https://raw.githubusercontent.com/commercialhaskell/stackage-snapshots/master/lts/13/24.yaml
    sha256: 33e96adfe24f112b62f6edd22565cdbaa13155703bbfbfdc3d0a9bc6138ae7bf
  original: lts-13.24
